// !$*UTF8*$!
{
	archiveVersion = 1;
	classes = {
	};
	objectVersion = 50;
	objects = {

/* Begin PBXBuildFile section */
		35A4A06824ABB80B002E8669 /* Message.swift in Sources */ = {isa = PBXBuildFile; fileRef = 35A4A06724ABB80B002E8669 /* Message.swift */; };
		3E693E50248D84B400057622 /* AppDelegate.swift in Sources */ = {isa = PBXBuildFile; fileRef = 3E693E4F248D84B400057622 /* AppDelegate.swift */; };
		3E693E52248D84B400057622 /* GameScene.sks in Resources */ = {isa = PBXBuildFile; fileRef = 3E693E51248D84B400057622 /* GameScene.sks */; };
		3E693E54248D84B400057622 /* Actions.sks in Resources */ = {isa = PBXBuildFile; fileRef = 3E693E53248D84B400057622 /* Actions.sks */; };
		3E693E56248D84B500057622 /* GameScene.swift in Sources */ = {isa = PBXBuildFile; fileRef = 3E693E55248D84B500057622 /* GameScene.swift */; };
		3E693E58248D84B500057622 /* GameViewController.swift in Sources */ = {isa = PBXBuildFile; fileRef = 3E693E57248D84B500057622 /* GameViewController.swift */; };
		3E693E5B248D84B500057622 /* Main.storyboard in Resources */ = {isa = PBXBuildFile; fileRef = 3E693E59248D84B500057622 /* Main.storyboard */; };
		3E693E5D248D84B600057622 /* Assets.xcassets in Resources */ = {isa = PBXBuildFile; fileRef = 3E693E5C248D84B600057622 /* Assets.xcassets */; };
		3E693E60248D84B600057622 /* LaunchScreen.storyboard in Resources */ = {isa = PBXBuildFile; fileRef = 3E693E5E248D84B600057622 /* LaunchScreen.storyboard */; };
		3E693E6B248D84B600057622 /* Outer_SpaceTests.swift in Sources */ = {isa = PBXBuildFile; fileRef = 3E693E6A248D84B600057622 /* Outer_SpaceTests.swift */; };
		3E693E76248D84B600057622 /* Outer_SpaceUITests.swift in Sources */ = {isa = PBXBuildFile; fileRef = 3E693E75248D84B600057622 /* Outer_SpaceUITests.swift */; };
		3E693E84248D91E400057622 /* playerStateMachine.swift in Sources */ = {isa = PBXBuildFile; fileRef = 3E693E83248D91E400057622 /* playerStateMachine.swift */; };
		3E80AB7C248EF48100B065F3 /* MenuViewController.swift in Sources */ = {isa = PBXBuildFile; fileRef = 3E80AB7B248EF48100B065F3 /* MenuViewController.swift */; };
		3E80AB7E248EF4F200B065F3 /* ConfigViewController.swift in Sources */ = {isa = PBXBuildFile; fileRef = 3E80AB7D248EF4F200B065F3 /* ConfigViewController.swift */; };
		3E80AB80248EF51700B065F3 /* TransportViewController.swift in Sources */ = {isa = PBXBuildFile; fileRef = 3E80AB7F248EF51700B065F3 /* TransportViewController.swift */; };
		D667F71C24AA833F00672EB9 /* PauseView.xib in Resources */ = {isa = PBXBuildFile; fileRef = D667F71B24AA833F00672EB9 /* PauseView.xib */; };
		D667F71E24AA837800672EB9 /* PauseView.swift in Sources */ = {isa = PBXBuildFile; fileRef = D667F71D24AA837800672EB9 /* PauseView.swift */; };
/* End PBXBuildFile section */

/* Begin PBXContainerItemProxy section */
		3E693E67248D84B600057622 /* PBXContainerItemProxy */ = {
			isa = PBXContainerItemProxy;
			containerPortal = 3E693E44248D84B400057622 /* Project object */;
			proxyType = 1;
			remoteGlobalIDString = 3E693E4B248D84B400057622;
			remoteInfo = "Outer Space";
		};
		3E693E72248D84B600057622 /* PBXContainerItemProxy */ = {
			isa = PBXContainerItemProxy;
			containerPortal = 3E693E44248D84B400057622 /* Project object */;
			proxyType = 1;
			remoteGlobalIDString = 3E693E4B248D84B400057622;
			remoteInfo = "Outer Space";
		};
/* End PBXContainerItemProxy section */

/* Begin PBXFileReference section */
		35A4A06724ABB80B002E8669 /* Message.swift */ = {isa = PBXFileReference; lastKnownFileType = sourcecode.swift; path = Message.swift; sourceTree = "<group>"; };
		3E693E4C248D84B400057622 /* Outer Space.app */ = {isa = PBXFileReference; explicitFileType = wrapper.application; includeInIndex = 0; path = "Outer Space.app"; sourceTree = BUILT_PRODUCTS_DIR; };
		3E693E4F248D84B400057622 /* AppDelegate.swift */ = {isa = PBXFileReference; lastKnownFileType = sourcecode.swift; path = AppDelegate.swift; sourceTree = "<group>"; };
		3E693E51248D84B400057622 /* GameScene.sks */ = {isa = PBXFileReference; lastKnownFileType = file.sks; path = GameScene.sks; sourceTree = "<group>"; };
		3E693E53248D84B400057622 /* Actions.sks */ = {isa = PBXFileReference; lastKnownFileType = file.sks; path = Actions.sks; sourceTree = "<group>"; };
		3E693E55248D84B500057622 /* GameScene.swift */ = {isa = PBXFileReference; lastKnownFileType = sourcecode.swift; path = GameScene.swift; sourceTree = "<group>"; };
		3E693E57248D84B500057622 /* GameViewController.swift */ = {isa = PBXFileReference; lastKnownFileType = sourcecode.swift; path = GameViewController.swift; sourceTree = "<group>"; };
		3E693E5A248D84B500057622 /* Base */ = {isa = PBXFileReference; lastKnownFileType = file.storyboard; name = Base; path = Base.lproj/Main.storyboard; sourceTree = "<group>"; };
		3E693E5C248D84B600057622 /* Assets.xcassets */ = {isa = PBXFileReference; lastKnownFileType = folder.assetcatalog; path = Assets.xcassets; sourceTree = "<group>"; };
		3E693E5F248D84B600057622 /* Base */ = {isa = PBXFileReference; lastKnownFileType = file.storyboard; name = Base; path = Base.lproj/LaunchScreen.storyboard; sourceTree = "<group>"; };
		3E693E61248D84B600057622 /* Info.plist */ = {isa = PBXFileReference; lastKnownFileType = text.plist.xml; path = Info.plist; sourceTree = "<group>"; };
		3E693E66248D84B600057622 /* Outer SpaceTests.xctest */ = {isa = PBXFileReference; explicitFileType = wrapper.cfbundle; includeInIndex = 0; path = "Outer SpaceTests.xctest"; sourceTree = BUILT_PRODUCTS_DIR; };
		3E693E6A248D84B600057622 /* Outer_SpaceTests.swift */ = {isa = PBXFileReference; lastKnownFileType = sourcecode.swift; path = Outer_SpaceTests.swift; sourceTree = "<group>"; };
		3E693E6C248D84B600057622 /* Info.plist */ = {isa = PBXFileReference; lastKnownFileType = text.plist.xml; path = Info.plist; sourceTree = "<group>"; };
		3E693E71248D84B600057622 /* Outer SpaceUITests.xctest */ = {isa = PBXFileReference; explicitFileType = wrapper.cfbundle; includeInIndex = 0; path = "Outer SpaceUITests.xctest"; sourceTree = BUILT_PRODUCTS_DIR; };
		3E693E75248D84B600057622 /* Outer_SpaceUITests.swift */ = {isa = PBXFileReference; lastKnownFileType = sourcecode.swift; path = Outer_SpaceUITests.swift; sourceTree = "<group>"; };
		3E693E77248D84B600057622 /* Info.plist */ = {isa = PBXFileReference; lastKnownFileType = text.plist.xml; path = Info.plist; sourceTree = "<group>"; };
		3E693E83248D91E400057622 /* playerStateMachine.swift */ = {isa = PBXFileReference; lastKnownFileType = sourcecode.swift; path = playerStateMachine.swift; sourceTree = "<group>"; };
		3E80AB7B248EF48100B065F3 /* MenuViewController.swift */ = {isa = PBXFileReference; lastKnownFileType = sourcecode.swift; path = MenuViewController.swift; sourceTree = "<group>"; };
		3E80AB7D248EF4F200B065F3 /* ConfigViewController.swift */ = {isa = PBXFileReference; lastKnownFileType = sourcecode.swift; path = ConfigViewController.swift; sourceTree = "<group>"; };
		3E80AB7F248EF51700B065F3 /* TransportViewController.swift */ = {isa = PBXFileReference; lastKnownFileType = sourcecode.swift; path = TransportViewController.swift; sourceTree = "<group>"; };
		D667F71B24AA833F00672EB9 /* PauseView.xib */ = {isa = PBXFileReference; lastKnownFileType = file.xib; path = PauseView.xib; sourceTree = "<group>"; };
		D667F71D24AA837800672EB9 /* PauseView.swift */ = {isa = PBXFileReference; lastKnownFileType = sourcecode.swift; path = PauseView.swift; sourceTree = "<group>"; };
/* End PBXFileReference section */

/* Begin PBXFrameworksBuildPhase section */
		3E693E49248D84B400057622 /* Frameworks */ = {
			isa = PBXFrameworksBuildPhase;
			buildActionMask = 2147483647;
			files = (
			);
			runOnlyForDeploymentPostprocessing = 0;
		};
		3E693E63248D84B600057622 /* Frameworks */ = {
			isa = PBXFrameworksBuildPhase;
			buildActionMask = 2147483647;
			files = (
			);
			runOnlyForDeploymentPostprocessing = 0;
		};
		3E693E6E248D84B600057622 /* Frameworks */ = {
			isa = PBXFrameworksBuildPhase;
			buildActionMask = 2147483647;
			files = (
			);
			runOnlyForDeploymentPostprocessing = 0;
		};
/* End PBXFrameworksBuildPhase section */

/* Begin PBXGroup section */
		3E693E43248D84B400057622 = {
			isa = PBXGroup;
			children = (
				3E693E4E248D84B400057622 /* Outer Space */,
				3E693E69248D84B600057622 /* Outer SpaceTests */,
				3E693E74248D84B600057622 /* Outer SpaceUITests */,
				3E693E4D248D84B400057622 /* Products */,
			);
			sourceTree = "<group>";
		};
		3E693E4D248D84B400057622 /* Products */ = {
			isa = PBXGroup;
			children = (
				3E693E4C248D84B400057622 /* Outer Space.app */,
				3E693E66248D84B600057622 /* Outer SpaceTests.xctest */,
				3E693E71248D84B600057622 /* Outer SpaceUITests.xctest */,
			);
			name = Products;
			sourceTree = "<group>";
		};
		3E693E4E248D84B400057622 /* Outer Space */ = {
			isa = PBXGroup;
			children = (
				3E693E4F248D84B400057622 /* AppDelegate.swift */,
				3E693E51248D84B400057622 /* GameScene.sks */,
				3E693E83248D91E400057622 /* playerStateMachine.swift */,
				3E693E53248D84B400057622 /* Actions.sks */,
				3E693E55248D84B500057622 /* GameScene.swift */,
				35A4A06724ABB80B002E8669 /* Message.swift */,
				3E693E57248D84B500057622 /* GameViewController.swift */,
				3E693E59248D84B500057622 /* Main.storyboard */,
				3E80AB7F248EF51700B065F3 /* TransportViewController.swift */,
				3E80AB7D248EF4F200B065F3 /* ConfigViewController.swift */,
				3E80AB7B248EF48100B065F3 /* MenuViewController.swift */,
				3E693E5C248D84B600057622 /* Assets.xcassets */,
				3E693E5E248D84B600057622 /* LaunchScreen.storyboard */,
				3E693E61248D84B600057622 /* Info.plist */,
				D667F71B24AA833F00672EB9 /* PauseView.xib */,
				D667F71D24AA837800672EB9 /* PauseView.swift */,
			);
			path = "Outer Space";
			sourceTree = "<group>";
		};
		3E693E69248D84B600057622 /* Outer SpaceTests */ = {
			isa = PBXGroup;
			children = (
				3E693E6A248D84B600057622 /* Outer_SpaceTests.swift */,
				3E693E6C248D84B600057622 /* Info.plist */,
			);
			path = "Outer SpaceTests";
			sourceTree = "<group>";
		};
		3E693E74248D84B600057622 /* Outer SpaceUITests */ = {
			isa = PBXGroup;
			children = (
				3E693E75248D84B600057622 /* Outer_SpaceUITests.swift */,
				3E693E77248D84B600057622 /* Info.plist */,
			);
			path = "Outer SpaceUITests";
			sourceTree = "<group>";
		};
/* End PBXGroup section */

/* Begin PBXNativeTarget section */
		3E693E4B248D84B400057622 /* Outer Space */ = {
			isa = PBXNativeTarget;
			buildConfigurationList = 3E693E7A248D84B600057622 /* Build configuration list for PBXNativeTarget "Outer Space" */;
			buildPhases = (
				3E693E48248D84B400057622 /* Sources */,
				3E693E49248D84B400057622 /* Frameworks */,
				3E693E4A248D84B400057622 /* Resources */,
			);
			buildRules = (
			);
			dependencies = (
			);
			name = "Outer Space";
			productName = "Outer Space";
			productReference = 3E693E4C248D84B400057622 /* Outer Space.app */;
			productType = "com.apple.product-type.application";
		};
		3E693E65248D84B600057622 /* Outer SpaceTests */ = {
			isa = PBXNativeTarget;
			buildConfigurationList = 3E693E7D248D84B600057622 /* Build configuration list for PBXNativeTarget "Outer SpaceTests" */;
			buildPhases = (
				3E693E62248D84B600057622 /* Sources */,
				3E693E63248D84B600057622 /* Frameworks */,
				3E693E64248D84B600057622 /* Resources */,
			);
			buildRules = (
			);
			dependencies = (
				3E693E68248D84B600057622 /* PBXTargetDependency */,
			);
			name = "Outer SpaceTests";
			productName = "Outer SpaceTests";
			productReference = 3E693E66248D84B600057622 /* Outer SpaceTests.xctest */;
			productType = "com.apple.product-type.bundle.unit-test";
		};
		3E693E70248D84B600057622 /* Outer SpaceUITests */ = {
			isa = PBXNativeTarget;
			buildConfigurationList = 3E693E80248D84B600057622 /* Build configuration list for PBXNativeTarget "Outer SpaceUITests" */;
			buildPhases = (
				3E693E6D248D84B600057622 /* Sources */,
				3E693E6E248D84B600057622 /* Frameworks */,
				3E693E6F248D84B600057622 /* Resources */,
			);
			buildRules = (
			);
			dependencies = (
				3E693E73248D84B600057622 /* PBXTargetDependency */,
			);
			name = "Outer SpaceUITests";
			productName = "Outer SpaceUITests";
			productReference = 3E693E71248D84B600057622 /* Outer SpaceUITests.xctest */;
			productType = "com.apple.product-type.bundle.ui-testing";
		};
/* End PBXNativeTarget section */

/* Begin PBXProject section */
		3E693E44248D84B400057622 /* Project object */ = {
			isa = PBXProject;
			attributes = {
				LastSwiftUpdateCheck = 1150;
				LastUpgradeCheck = 1150;
				ORGANIZATIONNAME = "Matheus Andrade";
				TargetAttributes = {
					3E693E4B248D84B400057622 = {
						CreatedOnToolsVersion = 11.5;
					};
					3E693E65248D84B600057622 = {
						CreatedOnToolsVersion = 11.5;
						TestTargetID = 3E693E4B248D84B400057622;
					};
					3E693E70248D84B600057622 = {
						CreatedOnToolsVersion = 11.5;
						TestTargetID = 3E693E4B248D84B400057622;
					};
				};
			};
			buildConfigurationList = 3E693E47248D84B400057622 /* Build configuration list for PBXProject "Outer Space" */;
			compatibilityVersion = "Xcode 9.3";
			developmentRegion = en;
			hasScannedForEncodings = 0;
			knownRegions = (
				en,
				Base,
			);
			mainGroup = 3E693E43248D84B400057622;
			productRefGroup = 3E693E4D248D84B400057622 /* Products */;
			projectDirPath = "";
			projectRoot = "";
			targets = (
				3E693E4B248D84B400057622 /* Outer Space */,
				3E693E65248D84B600057622 /* Outer SpaceTests */,
				3E693E70248D84B600057622 /* Outer SpaceUITests */,
			);
		};
/* End PBXProject section */

/* Begin PBXResourcesBuildPhase section */
		3E693E4A248D84B400057622 /* Resources */ = {
			isa = PBXResourcesBuildPhase;
			buildActionMask = 2147483647;
			files = (
				3E693E5B248D84B500057622 /* Main.storyboard in Resources */,
				3E693E52248D84B400057622 /* GameScene.sks in Resources */,
				3E693E5D248D84B600057622 /* Assets.xcassets in Resources */,
				D667F71C24AA833F00672EB9 /* PauseView.xib in Resources */,
				3E693E60248D84B600057622 /* LaunchScreen.storyboard in Resources */,
				3E693E54248D84B400057622 /* Actions.sks in Resources */,
			);
			runOnlyForDeploymentPostprocessing = 0;
		};
		3E693E64248D84B600057622 /* Resources */ = {
			isa = PBXResourcesBuildPhase;
			buildActionMask = 2147483647;
			files = (
			);
			runOnlyForDeploymentPostprocessing = 0;
		};
		3E693E6F248D84B600057622 /* Resources */ = {
			isa = PBXResourcesBuildPhase;
			buildActionMask = 2147483647;
			files = (
			);
			runOnlyForDeploymentPostprocessing = 0;
		};
/* End PBXResourcesBuildPhase section */

/* Begin PBXSourcesBuildPhase section */
		3E693E48248D84B400057622 /* Sources */ = {
			isa = PBXSourcesBuildPhase;
			buildActionMask = 2147483647;
			files = (
				3E80AB80248EF51700B065F3 /* TransportViewController.swift in Sources */,
				3E693E56248D84B500057622 /* GameScene.swift in Sources */,
				3E80AB7C248EF48100B065F3 /* MenuViewController.swift in Sources */,
				D667F71E24AA837800672EB9 /* PauseView.swift in Sources */,
				3E80AB7E248EF4F200B065F3 /* ConfigViewController.swift in Sources */,
				3E693E58248D84B500057622 /* GameViewController.swift in Sources */,
				35A4A06824ABB80B002E8669 /* Message.swift in Sources */,
				3E693E84248D91E400057622 /* playerStateMachine.swift in Sources */,
				3E693E50248D84B400057622 /* AppDelegate.swift in Sources */,
			);
			runOnlyForDeploymentPostprocessing = 0;
		};
		3E693E62248D84B600057622 /* Sources */ = {
			isa = PBXSourcesBuildPhase;
			buildActionMask = 2147483647;
			files = (
				3E693E6B248D84B600057622 /* Outer_SpaceTests.swift in Sources */,
			);
			runOnlyForDeploymentPostprocessing = 0;
		};
		3E693E6D248D84B600057622 /* Sources */ = {
			isa = PBXSourcesBuildPhase;
			buildActionMask = 2147483647;
			files = (
				3E693E76248D84B600057622 /* Outer_SpaceUITests.swift in Sources */,
			);
			runOnlyForDeploymentPostprocessing = 0;
		};
/* End PBXSourcesBuildPhase section */

/* Begin PBXTargetDependency section */
		3E693E68248D84B600057622 /* PBXTargetDependency */ = {
			isa = PBXTargetDependency;
			target = 3E693E4B248D84B400057622 /* Outer Space */;
			targetProxy = 3E693E67248D84B600057622 /* PBXContainerItemProxy */;
		};
		3E693E73248D84B600057622 /* PBXTargetDependency */ = {
			isa = PBXTargetDependency;
			target = 3E693E4B248D84B400057622 /* Outer Space */;
			targetProxy = 3E693E72248D84B600057622 /* PBXContainerItemProxy */;
		};
/* End PBXTargetDependency section */

/* Begin PBXVariantGroup section */
		3E693E59248D84B500057622 /* Main.storyboard */ = {
			isa = PBXVariantGroup;
			children = (
				3E693E5A248D84B500057622 /* Base */,
			);
			name = Main.storyboard;
			sourceTree = "<group>";
		};
		3E693E5E248D84B600057622 /* LaunchScreen.storyboard */ = {
			isa = PBXVariantGroup;
			children = (
				3E693E5F248D84B600057622 /* Base */,
			);
			name = LaunchScreen.storyboard;
			sourceTree = "<group>";
		};
/* End PBXVariantGroup section */

/* Begin XCBuildConfiguration section */
		3E693E78248D84B600057622 /* Debug */ = {
			isa = XCBuildConfiguration;
			buildSettings = {
				ALWAYS_SEARCH_USER_PATHS = NO;
				CLANG_ANALYZER_NONNULL = YES;
				CLANG_ANALYZER_NUMBER_OBJECT_CONVERSION = YES_AGGRESSIVE;
				CLANG_CXX_LANGUAGE_STANDARD = "gnu++14";
				CLANG_CXX_LIBRARY = "libc++";
				CLANG_ENABLE_MODULES = YES;
				CLANG_ENABLE_OBJC_ARC = YES;
				CLANG_ENABLE_OBJC_WEAK = YES;
				CLANG_WARN_BLOCK_CAPTURE_AUTORELEASING = YES;
				CLANG_WARN_BOOL_CONVERSION = YES;
				CLANG_WARN_COMMA = YES;
				CLANG_WARN_CONSTANT_CONVERSION = YES;
				CLANG_WARN_DEPRECATED_OBJC_IMPLEMENTATIONS = YES;
				CLANG_WARN_DIRECT_OBJC_ISA_USAGE = YES_ERROR;
				CLANG_WARN_DOCUMENTATION_COMMENTS = YES;
				CLANG_WARN_EMPTY_BODY = YES;
				CLANG_WARN_ENUM_CONVERSION = YES;
				CLANG_WARN_INFINITE_RECURSION = YES;
				CLANG_WARN_INT_CONVERSION = YES;
				CLANG_WARN_NON_LITERAL_NULL_CONVERSION = YES;
				CLANG_WARN_OBJC_IMPLICIT_RETAIN_SELF = YES;
				CLANG_WARN_OBJC_LITERAL_CONVERSION = YES;
				CLANG_WARN_OBJC_ROOT_CLASS = YES_ERROR;
				CLANG_WARN_RANGE_LOOP_ANALYSIS = YES;
				CLANG_WARN_STRICT_PROTOTYPES = YES;
				CLANG_WARN_SUSPICIOUS_MOVE = YES;
				CLANG_WARN_UNGUARDED_AVAILABILITY = YES_AGGRESSIVE;
				CLANG_WARN_UNREACHABLE_CODE = YES;
				CLANG_WARN__DUPLICATE_METHOD_MATCH = YES;
				COPY_PHASE_STRIP = NO;
				DEBUG_INFORMATION_FORMAT = dwarf;
				ENABLE_STRICT_OBJC_MSGSEND = YES;
				ENABLE_TESTABILITY = YES;
				GCC_C_LANGUAGE_STANDARD = gnu11;
				GCC_DYNAMIC_NO_PIC = NO;
				GCC_NO_COMMON_BLOCKS = YES;
				GCC_OPTIMIZATION_LEVEL = 0;
				GCC_PREPROCESSOR_DEFINITIONS = (
					"DEBUG=1",
					"$(inherited)",
				);
				GCC_WARN_64_TO_32_BIT_CONVERSION = YES;
				GCC_WARN_ABOUT_RETURN_TYPE = YES_ERROR;
				GCC_WARN_UNDECLARED_SELECTOR = YES;
				GCC_WARN_UNINITIALIZED_AUTOS = YES_AGGRESSIVE;
				GCC_WARN_UNUSED_FUNCTION = YES;
				GCC_WARN_UNUSED_VARIABLE = YES;
				IPHONEOS_DEPLOYMENT_TARGET = 13.5;
				MTL_ENABLE_DEBUG_INFO = INCLUDE_SOURCE;
				MTL_FAST_MATH = YES;
				ONLY_ACTIVE_ARCH = YES;
				SDKROOT = iphoneos;
				SWIFT_ACTIVE_COMPILATION_CONDITIONS = DEBUG;
				SWIFT_OPTIMIZATION_LEVEL = "-Onone";
			};
			name = Debug;
		};
		3E693E79248D84B600057622 /* Release */ = {
			isa = XCBuildConfiguration;
			buildSettings = {
				ALWAYS_SEARCH_USER_PATHS = NO;
				CLANG_ANALYZER_NONNULL = YES;
				CLANG_ANALYZER_NUMBER_OBJECT_CONVERSION = YES_AGGRESSIVE;
				CLANG_CXX_LANGUAGE_STANDARD = "gnu++14";
				CLANG_CXX_LIBRARY = "libc++";
				CLANG_ENABLE_MODULES = YES;
				CLANG_ENABLE_OBJC_ARC = YES;
				CLANG_ENABLE_OBJC_WEAK = YES;
				CLANG_WARN_BLOCK_CAPTURE_AUTORELEASING = YES;
				CLANG_WARN_BOOL_CONVERSION = YES;
				CLANG_WARN_COMMA = YES;
				CLANG_WARN_CONSTANT_CONVERSION = YES;
				CLANG_WARN_DEPRECATED_OBJC_IMPLEMENTATIONS = YES;
				CLANG_WARN_DIRECT_OBJC_ISA_USAGE = YES_ERROR;
				CLANG_WARN_DOCUMENTATION_COMMENTS = YES;
				CLANG_WARN_EMPTY_BODY = YES;
				CLANG_WARN_ENUM_CONVERSION = YES;
				CLANG_WARN_INFINITE_RECURSION = YES;
				CLANG_WARN_INT_CONVERSION = YES;
				CLANG_WARN_NON_LITERAL_NULL_CONVERSION = YES;
				CLANG_WARN_OBJC_IMPLICIT_RETAIN_SELF = YES;
				CLANG_WARN_OBJC_LITERAL_CONVERSION = YES;
				CLANG_WARN_OBJC_ROOT_CLASS = YES_ERROR;
				CLANG_WARN_RANGE_LOOP_ANALYSIS = YES;
				CLANG_WARN_STRICT_PROTOTYPES = YES;
				CLANG_WARN_SUSPICIOUS_MOVE = YES;
				CLANG_WARN_UNGUARDED_AVAILABILITY = YES_AGGRESSIVE;
				CLANG_WARN_UNREACHABLE_CODE = YES;
				CLANG_WARN__DUPLICATE_METHOD_MATCH = YES;
				COPY_PHASE_STRIP = NO;
				DEBUG_INFORMATION_FORMAT = "dwarf-with-dsym";
				ENABLE_NS_ASSERTIONS = NO;
				ENABLE_STRICT_OBJC_MSGSEND = YES;
				GCC_C_LANGUAGE_STANDARD = gnu11;
				GCC_NO_COMMON_BLOCKS = YES;
				GCC_WARN_64_TO_32_BIT_CONVERSION = YES;
				GCC_WARN_ABOUT_RETURN_TYPE = YES_ERROR;
				GCC_WARN_UNDECLARED_SELECTOR = YES;
				GCC_WARN_UNINITIALIZED_AUTOS = YES_AGGRESSIVE;
				GCC_WARN_UNUSED_FUNCTION = YES;
				GCC_WARN_UNUSED_VARIABLE = YES;
				IPHONEOS_DEPLOYMENT_TARGET = 13.5;
				MTL_ENABLE_DEBUG_INFO = NO;
				MTL_FAST_MATH = YES;
				SDKROOT = iphoneos;
				SWIFT_COMPILATION_MODE = wholemodule;
				SWIFT_OPTIMIZATION_LEVEL = "-O";
				VALIDATE_PRODUCT = YES;
			};
			name = Release;
		};
		3E693E7B248D84B600057622 /* Debug */ = {
			isa = XCBuildConfiguration;
			buildSettings = {
				ASSETCATALOG_COMPILER_APPICON_NAME = AppIcon;
				CODE_SIGN_STYLE = Automatic;
				DEVELOPMENT_TEAM = FTH34SW9QV;
				INFOPLIST_FILE = "Outer Space/Info.plist";
				LD_RUNPATH_SEARCH_PATHS = (
					"$(inherited)",
					"@executable_path/Frameworks",
				);
				PRODUCT_BUNDLE_IDENTIFIER = "Apple-Developer-Academy.Outer-Space";
				PRODUCT_NAME = "$(TARGET_NAME)";
				SWIFT_VERSION = 5.0;
				TARGETED_DEVICE_FAMILY = "1,2";
			};
			name = Debug;
		};
		3E693E7C248D84B600057622 /* Release */ = {
			isa = XCBuildConfiguration;
			buildSettings = {
				ASSETCATALOG_COMPILER_APPICON_NAME = AppIcon;
				CODE_SIGN_STYLE = Automatic;
				DEVELOPMENT_TEAM = FTH34SW9QV;
				INFOPLIST_FILE = "Outer Space/Info.plist";
				LD_RUNPATH_SEARCH_PATHS = (
					"$(inherited)",
					"@executable_path/Frameworks",
				);
				PRODUCT_BUNDLE_IDENTIFIER = "Apple-Developer-Academy.Outer-Space";
				PRODUCT_NAME = "$(TARGET_NAME)";
				SWIFT_VERSION = 5.0;
				TARGETED_DEVICE_FAMILY = "1,2";
			};
			name = Release;
		};
		3E693E7E248D84B600057622 /* Debug */ = {
			isa = XCBuildConfiguration;
			buildSettings = {
				ALWAYS_EMBED_SWIFT_STANDARD_LIBRARIES = YES;
				BUNDLE_LOADER = "$(TEST_HOST)";
				CODE_SIGN_STYLE = Automatic;
				INFOPLIST_FILE = "Outer SpaceTests/Info.plist";
				IPHONEOS_DEPLOYMENT_TARGET = 13.5;
				LD_RUNPATH_SEARCH_PATHS = (
					"$(inherited)",
					"@executable_path/Frameworks",
					"@loader_path/Frameworks",
				);
				PRODUCT_BUNDLE_IDENTIFIER = "Apple-Developer-Academy.Outer-SpaceTests";
				PRODUCT_NAME = "$(TARGET_NAME)";
				SWIFT_VERSION = 5.0;
				TARGETED_DEVICE_FAMILY = "1,2";
				TEST_HOST = "$(BUILT_PRODUCTS_DIR)/Outer Space.app/Outer Space";
			};
			name = Debug;
		};
		3E693E7F248D84B600057622 /* Release */ = {
			isa = XCBuildConfiguration;
			buildSettings = {
				ALWAYS_EMBED_SWIFT_STANDARD_LIBRARIES = YES;
				BUNDLE_LOADER = "$(TEST_HOST)";
				CODE_SIGN_STYLE = Automatic;
				INFOPLIST_FILE = "Outer SpaceTests/Info.plist";
				IPHONEOS_DEPLOYMENT_TARGET = 13.5;
				LD_RUNPATH_SEARCH_PATHS = (
					"$(inherited)",
					"@executable_path/Frameworks",
					"@loader_path/Frameworks",
				);
				PRODUCT_BUNDLE_IDENTIFIER = "Apple-Developer-Academy.Outer-SpaceTests";
				PRODUCT_NAME = "$(TARGET_NAME)";
				SWIFT_VERSION = 5.0;
				TARGETED_DEVICE_FAMILY = "1,2";
				TEST_HOST = "$(BUILT_PRODUCTS_DIR)/Outer Space.app/Outer Space";
			};
			name = Release;
		};
		3E693E81248D84B600057622 /* Debug */ = {
			isa = XCBuildConfiguration;
			buildSettings = {
				ALWAYS_EMBED_SWIFT_STANDARD_LIBRARIES = YES;
				CODE_SIGN_STYLE = Automatic;
				INFOPLIST_FILE = "Outer SpaceUITests/Info.plist";
				LD_RUNPATH_SEARCH_PATHS = (
					"$(inherited)",
					"@executable_path/Frameworks",
					"@loader_path/Frameworks",
				);
				PRODUCT_BUNDLE_IDENTIFIER = "Apple-Developer-Academy.Outer-SpaceUITests";
				PRODUCT_NAME = "$(TARGET_NAME)";
				SWIFT_VERSION = 5.0;
				TARGETED_DEVICE_FAMILY = "1,2";
				TEST_TARGET_NAME = "Outer Space";
			};
			name = Debug;
		};
		3E693E82248D84B600057622 /* Release */ = {
			isa = XCBuildConfiguration;
			buildSettings = {
				ALWAYS_EMBED_SWIFT_STANDARD_LIBRARIES = YES;
				CODE_SIGN_STYLE = Automatic;
				INFOPLIST_FILE = "Outer SpaceUITests/Info.plist";
				LD_RUNPATH_SEARCH_PATHS = (
					"$(inherited)",
					"@executable_path/Frameworks",
					"@loader_path/Frameworks",
				);
				PRODUCT_BUNDLE_IDENTIFIER = "Apple-Developer-Academy.Outer-SpaceUITests";
				PRODUCT_NAME = "$(TARGET_NAME)";
				SWIFT_VERSION = 5.0;
				TARGETED_DEVICE_FAMILY = "1,2";
				TEST_TARGET_NAME = "Outer Space";
			};
			name = Release;
		};
/* End XCBuildConfiguration section */

/* Begin XCConfigurationList section */
		3E693E47248D84B400057622 /* Build configuration list for PBXProject "Outer Space" */ = {
			isa = XCConfigurationList;
			buildConfigurations = (
				3E693E78248D84B600057622 /* Debug */,
				3E693E79248D84B600057622 /* Release */,
			);
			defaultConfigurationIsVisible = 0;
			defaultConfigurationName = Release;
		};
		3E693E7A248D84B600057622 /* Build configuration list for PBXNativeTarget "Outer Space" */ = {
			isa = XCConfigurationList;
			buildConfigurations = (
				3E693E7B248D84B600057622 /* Debug */,
				3E693E7C248D84B600057622 /* Release */,
			);
			defaultConfigurationIsVisible = 0;
			defaultConfigurationName = Release;
		};
		3E693E7D248D84B600057622 /* Build configuration list for PBXNativeTarget "Outer SpaceTests" */ = {
			isa = XCConfigurationList;
			buildConfigurations = (
				3E693E7E248D84B600057622 /* Debug */,
				3E693E7F248D84B600057622 /* Release */,
			);
			defaultConfigurationIsVisible = 0;
			defaultConfigurationName = Release;
		};
		3E693E80248D84B600057622 /* Build configuration list for PBXNativeTarget "Outer SpaceUITests" */ = {
			isa = XCConfigurationList;
			buildConfigurations = (
				3E693E81248D84B600057622 /* Debug */,
				3E693E82248D84B600057622 /* Release */,
			);
			defaultConfigurationIsVisible = 0;
			defaultConfigurationName = Release;
		};
/* End XCConfigurationList section */
	};
	rootObject = 3E693E44248D84B400057622 /* Project object */;
}
